
Microsoft Visual Studio Solution File, Format Version 12.00
# Visual Studio Version 16
VisualStudioVersion = 16.0.32802.440
MinimumVisualStudioVersion = 10.0.40219.1
Project("{FAE04EC0-301F-11D3-BF4B-00C04F79EFBC}") = "4Loop", "4Loop.csproj", "{44A133B4-9A2F-45D6-AB14-F55B8E00BDB2}"
EndProject
Global
	GlobalSection(SolutionConfigurationPlatforms) = preSolution
		Debug|Any CPU = Debug|Any CPU
		Release|Any CPU = Release|Any CPU
	EndGlobalSection
	GlobalSection(ProjectConfigurationPlatforms) = postSolution
		{44A133B4-9A2F-45D6-AB14-F55B8E00BDB2}.Debug|Any CPU.ActiveCfg = Debug|Any CPU
		{44A133B4-9A2F-45D6-AB14-F55B8E00BDB2}.Debug|Any CPU.Build.0 = Debug|Any CPU
		{44A133B4-9A2F-45D6-AB14-F55B8E00BDB2}.Release|Any CPU.ActiveCfg = Release|Any CPU
		{44A133B4-9A2F-45D6-AB14-F55B8E00BDB2}.Release|Any CPU.Build.0 = Release|Any CPU
	EndGlobalSection
	GlobalSection(SolutionProperties) = preSolution
		HideSolutionNode = FALSE
	EndGlobalSection
	GlobalSection(ExtensibilityGlobals) = postSolution
		SolutionGuid = {C88D33E2-C618-433A-94B9-4D7276AC60EB}
	EndGlobalSection
EndGlobal
